<?xml version="1.0" encoding="utf-8"?>
<Project ToolsVersion="4.0" xmlns="http://schemas.microsoft.com/developer/msbuild/2003">
  <ItemGroup>
    <ApplicationDefinition Include="App.xaml" />
  </ItemGroup>
  <ItemGroup>
    <Page Include="MainWindow.xaml" />
  </ItemGroup>
  <ItemGroup>
    <Midl Include="MainWindow.idl" />
  </ItemGroup>
  <ItemGroup>
    <ClCompile Include="pch.cpp" />
    <ClCompile Include="$(GeneratedFilesDir)module.g.cpp" />
    <ClCompile Include="SnakeDx.Resources.ixx">
      <Filter>SnakeDx</Filter>
    </ClCompile>
    <ClCompile Include="SnakeDx.ixx">
      <Filter>SnakeDx</Filter>
    </ClCompile>
    <ClCompile Include="SnakeDx.Token.ixx">
      <Filter>SnakeDx</Filter>
    </ClCompile>
    <ClCompile Include="SnakeDx.Resources.cpp">
      <Filter>SnakeDx</Filter>
    </ClCompile>
    <ClCompile Include="SnakeDx.ShaderPass.ixx">
      <Filter>SnakeDx</Filter>
    </ClCompile>
    <ClCompile Include="SnakeDx.CoroutineScheduler.ixx">
      <Filter>SnakeDx</Filter>
    </ClCompile>
    <ClCompile Include="SnakeDx.CoroutineScheduler.cpp" />
  </ItemGroup>
  <ItemGroup>
    <ClInclude Include="pch.h" />
  </ItemGroup>
  <ItemGroup>
    <Filter Include="Assets">
      <UniqueIdentifier>{e48dc53e-40b1-40cb-970a-f89935452892}</UniqueIdentifier>
    </Filter>
    <Filter Include="SnakeDx">
      <UniqueIdentifier>{19c1229d-ee54-499f-a03f-ba215cc36bef}</UniqueIdentifier>
    </Filter>
    <Filter Include="Shaders">
      <UniqueIdentifier>{025e3a85-49fe-40e2-8cc0-9bdd815ede00}</UniqueIdentifier>
    </Filter>
  </ItemGroup>
  <ItemGroup>
    <Text Include="readme.txt" />
  </ItemGroup>
  <ItemGroup>
    <Manifest Include="app.manifest" />
  </ItemGroup>
  <ItemGroup>
    <None Include="packages.config" />
    <None Include="vcpkg.json" />
  </ItemGroup>
  <ItemGroup>
    <Natvis Include="$(MSBuildThisFileDirectory)..\..\natvis\wil.natvis" />
  </ItemGroup>
  <ItemGroup>
    <FxCompile Include="Triangle.vs.hlsl">
      <Filter>Shaders</Filter>
    </FxCompile>
    <FxCompile Include="PassThru.ps.hlsl">
      <Filter>Shaders</Filter>
    </FxCompile>
  </ItemGroup>
</Project>